
Microsoft Visual Studio Solution File, Format Version 12.00
# Visual Studio Version 16
VisualStudioVersion = 16.0.30523.141
MinimumVisualStudioVersion = 10.0.40219.1
Project("{FAE04EC0-301F-11D3-BF4B-00C04F79EFBC}") = "MyHelloWorldApp", "MyHelloWorldApp\MyHelloWorldApp.csproj", "{6AC9393B-3436-41D9-8F1B-D7C27B5C5519}"
EndProject
Global
	GlobalSection(SolutionConfigurationPlatforms) = preSolution
		Debug|Any CPU = Debug|Any CPU
		Release|Any CPU = Release|Any CPU
	EndGlobalSection
	GlobalSection(ProjectConfigurationPlatforms) = postSolution
		{6AC9393B-3436-41D9-8F1B-D7C27B5C5519}.Debug|Any CPU.ActiveCfg = Debug|Any CPU
		{6AC9393B-3436-41D9-8F1B-D7C27B5C5519}.Debug|Any CPU.Build.0 = Debug|Any CPU
		{6AC9393B-3436-41D9-8F1B-D7C27B5C5519}.Release|Any CPU.ActiveCfg = Release|Any CPU
		{6AC9393B-3436-41D9-8F1B-D7C27B5C5519}.Release|Any CPU.Build.0 = Release|Any CPU
	EndGlobalSection
	GlobalSection(SolutionProperties) = preSolution
		HideSolutionNode = FALSE
	EndGlobalSection
	GlobalSection(ExtensibilityGlobals) = postSolution
		SolutionGuid = {AE51CFC8-BF7F-4FF6-A5C4-7FA6F2692788}
	EndGlobalSection
EndGlobal
